// !$*UTF8*$!
{
	archiveVersion = 1;
	classes = {
	};
	objectVersion = 50;
	objects = {

/* Begin PBXBuildFile section */
		2B6BC16C24B36EF400ED4125 /* Response.swift in Sources */ = {isa = PBXBuildFile; fileRef = 2B6BC16B24B36EF400ED4125 /* Response.swift */; };
		2B6BC16E24B36F5500ED4125 /* NetworkManager.swift in Sources */ = {isa = PBXBuildFile; fileRef = 2B6BC16D24B36F5500ED4125 /* NetworkManager.swift */; };
		2B6BC17024B45EA200ED4125 /* ClientSettings.swift in Sources */ = {isa = PBXBuildFile; fileRef = 2B6BC16F24B45EA200ED4125 /* ClientSettings.swift */; };
		2B6BC17224B4699E00ED4125 /* CloudMersiveClient.swift in Sources */ = {isa = PBXBuildFile; fileRef = 2B6BC17124B4699E00ED4125 /* CloudMersiveClient.swift */; };
		2B7CF62524A51188000AFD77 /* AppDelegate.swift in Sources */ = {isa = PBXBuildFile; fileRef = 2B7CF62424A51188000AFD77 /* AppDelegate.swift */; };
		2B7CF62724A51188000AFD77 /* SceneDelegate.swift in Sources */ = {isa = PBXBuildFile; fileRef = 2B7CF62624A51188000AFD77 /* SceneDelegate.swift */; };
		2B7CF62924A51188000AFD77 /* ViewController.swift in Sources */ = {isa = PBXBuildFile; fileRef = 2B7CF62824A51188000AFD77 /* ViewController.swift */; };
		2B7CF62C24A51188000AFD77 /* Main.storyboard in Resources */ = {isa = PBXBuildFile; fileRef = 2B7CF62A24A51188000AFD77 /* Main.storyboard */; };
		2B7CF62E24A5118B000AFD77 /* Assets.xcassets in Resources */ = {isa = PBXBuildFile; fileRef = 2B7CF62D24A5118B000AFD77 /* Assets.xcassets */; };
		2B7CF63124A5118B000AFD77 /* LaunchScreen.storyboard in Resources */ = {isa = PBXBuildFile; fileRef = 2B7CF62F24A5118B000AFD77 /* LaunchScreen.storyboard */; };
		2B7CF64424A51303000AFD77 /* HTTPMethod.swift in Sources */ = {isa = PBXBuildFile; fileRef = 2B7CF64324A51303000AFD77 /* HTTPMethod.swift */; };
		2B7CF64624A5137F000AFD77 /* HTTPTask.swift in Sources */ = {isa = PBXBuildFile; fileRef = 2B7CF64524A5137F000AFD77 /* HTTPTask.swift */; };
		2B7CF64824A51433000AFD77 /* EncodingServices.swift in Sources */ = {isa = PBXBuildFile; fileRef = 2B7CF64724A51433000AFD77 /* EncodingServices.swift */; };
		2B7CF64A24A514EA000AFD77 /* URLParameterEncoder.swift in Sources */ = {isa = PBXBuildFile; fileRef = 2B7CF64924A514EA000AFD77 /* URLParameterEncoder.swift */; };
		2B7CF64C24A51732000AFD77 /* JSONParameterEncoder.swift in Sources */ = {isa = PBXBuildFile; fileRef = 2B7CF64B24A51732000AFD77 /* JSONParameterEncoder.swift */; };
		2B7CF65224A521F6000AFD77 /* Request.swift in Sources */ = {isa = PBXBuildFile; fileRef = 2B7CF65124A521F6000AFD77 /* Request.swift */; };
		2B7CF65424A52532000AFD77 /* ApiClient.swift in Sources */ = {isa = PBXBuildFile; fileRef = 2B7CF65324A52532000AFD77 /* ApiClient.swift */; };
		2B8184EB24A52A4D006AC1ED /* CloudMersiveResponse.swift in Sources */ = {isa = PBXBuildFile; fileRef = 2B8184EA24A52A4D006AC1ED /* CloudMersiveResponse.swift */; };
		2B89A57424C731C3000BE9D3 /* TranslationResponse.swift in Sources */ = {isa = PBXBuildFile; fileRef = 2B89A57224C731C3000BE9D3 /* TranslationResponse.swift */; };
		2B89A57524C731C3000BE9D3 /* TranslationClient.swift in Sources */ = {isa = PBXBuildFile; fileRef = 2B89A57324C731C3000BE9D3 /* TranslationClient.swift */; };
		2BD8D34D24C75F9B0099C575 /* HTTPBodyContentType.swift in Sources */ = {isa = PBXBuildFile; fileRef = 2BD8D34C24C75F9B0099C575 /* HTTPBodyContentType.swift */; };
		2BD8D34F24C81D260099C575 /* FormDataParameterEncoder.swift in Sources */ = {isa = PBXBuildFile; fileRef = 2BD8D34E24C81D260099C575 /* FormDataParameterEncoder.swift */; };
		2BD8D35124C827E10099C575 /* NSMutableData.swift in Sources */ = {isa = PBXBuildFile; fileRef = 2BD8D35024C827E10099C575 /* NSMutableData.swift */; };
/* End PBXBuildFile section */

/* Begin PBXFileReference section */
		2B6BC16B24B36EF400ED4125 /* Response.swift */ = {isa = PBXFileReference; lastKnownFileType = sourcecode.swift; path = Response.swift; sourceTree = "<group>"; };
		2B6BC16D24B36F5500ED4125 /* NetworkManager.swift */ = {isa = PBXFileReference; lastKnownFileType = sourcecode.swift; path = NetworkManager.swift; sourceTree = "<group>"; };
		2B6BC16F24B45EA200ED4125 /* ClientSettings.swift */ = {isa = PBXFileReference; lastKnownFileType = sourcecode.swift; path = ClientSettings.swift; sourceTree = "<group>"; };
		2B6BC17124B4699E00ED4125 /* CloudMersiveClient.swift */ = {isa = PBXFileReference; lastKnownFileType = sourcecode.swift; path = CloudMersiveClient.swift; sourceTree = "<group>"; };
		2B7CF62124A51188000AFD77 /* NetworkLayer.app */ = {isa = PBXFileReference; explicitFileType = wrapper.application; includeInIndex = 0; path = NetworkLayer.app; sourceTree = BUILT_PRODUCTS_DIR; };
		2B7CF62424A51188000AFD77 /* AppDelegate.swift */ = {isa = PBXFileReference; lastKnownFileType = sourcecode.swift; path = AppDelegate.swift; sourceTree = "<group>"; };
		2B7CF62624A51188000AFD77 /* SceneDelegate.swift */ = {isa = PBXFileReference; lastKnownFileType = sourcecode.swift; path = SceneDelegate.swift; sourceTree = "<group>"; };
		2B7CF62824A51188000AFD77 /* ViewController.swift */ = {isa = PBXFileReference; lastKnownFileType = sourcecode.swift; path = ViewController.swift; sourceTree = "<group>"; };
		2B7CF62B24A51188000AFD77 /* Base */ = {isa = PBXFileReference; lastKnownFileType = file.storyboard; name = Base; path = Base.lproj/Main.storyboard; sourceTree = "<group>"; };
		2B7CF62D24A5118B000AFD77 /* Assets.xcassets */ = {isa = PBXFileReference; lastKnownFileType = folder.assetcatalog; path = Assets.xcassets; sourceTree = "<group>"; };
		2B7CF63024A5118B000AFD77 /* Base */ = {isa = PBXFileReference; lastKnownFileType = file.storyboard; name = Base; path = Base.lproj/LaunchScreen.storyboard; sourceTree = "<group>"; };
		2B7CF63224A5118B000AFD77 /* Info.plist */ = {isa = PBXFileReference; lastKnownFileType = text.plist.xml; path = Info.plist; sourceTree = "<group>"; };
		2B7CF64324A51303000AFD77 /* HTTPMethod.swift */ = {isa = PBXFileReference; lastKnownFileType = sourcecode.swift; path = HTTPMethod.swift; sourceTree = "<group>"; };
		2B7CF64524A5137F000AFD77 /* HTTPTask.swift */ = {isa = PBXFileReference; lastKnownFileType = sourcecode.swift; path = HTTPTask.swift; sourceTree = "<group>"; };
		2B7CF64724A51433000AFD77 /* EncodingServices.swift */ = {isa = PBXFileReference; lastKnownFileType = sourcecode.swift; path = EncodingServices.swift; sourceTree = "<group>"; };
		2B7CF64924A514EA000AFD77 /* URLParameterEncoder.swift */ = {isa = PBXFileReference; lastKnownFileType = sourcecode.swift; path = URLParameterEncoder.swift; sourceTree = "<group>"; };
		2B7CF64B24A51732000AFD77 /* JSONParameterEncoder.swift */ = {isa = PBXFileReference; lastKnownFileType = sourcecode.swift; path = JSONParameterEncoder.swift; sourceTree = "<group>"; };
		2B7CF65124A521F6000AFD77 /* Request.swift */ = {isa = PBXFileReference; lastKnownFileType = sourcecode.swift; path = Request.swift; sourceTree = "<group>"; };
		2B7CF65324A52532000AFD77 /* ApiClient.swift */ = {isa = PBXFileReference; lastKnownFileType = sourcecode.swift; path = ApiClient.swift; sourceTree = "<group>"; };
		2B8184EA24A52A4D006AC1ED /* CloudMersiveResponse.swift */ = {isa = PBXFileReference; lastKnownFileType = sourcecode.swift; path = CloudMersiveResponse.swift; sourceTree = "<group>"; };
		2B89A57224C731C3000BE9D3 /* TranslationResponse.swift */ = {isa = PBXFileReference; fileEncoding = 4; lastKnownFileType = sourcecode.swift; path = TranslationResponse.swift; sourceTree = "<group>"; };
		2B89A57324C731C3000BE9D3 /* TranslationClient.swift */ = {isa = PBXFileReference; fileEncoding = 4; lastKnownFileType = sourcecode.swift; path = TranslationClient.swift; sourceTree = "<group>"; };
		2BD8D34C24C75F9B0099C575 /* HTTPBodyContentType.swift */ = {isa = PBXFileReference; lastKnownFileType = sourcecode.swift; path = HTTPBodyContentType.swift; sourceTree = "<group>"; };
		2BD8D34E24C81D260099C575 /* FormDataParameterEncoder.swift */ = {isa = PBXFileReference; lastKnownFileType = sourcecode.swift; path = FormDataParameterEncoder.swift; sourceTree = "<group>"; };
		2BD8D35024C827E10099C575 /* NSMutableData.swift */ = {isa = PBXFileReference; lastKnownFileType = sourcecode.swift; path = NSMutableData.swift; sourceTree = "<group>"; };
/* End PBXFileReference section */

/* Begin PBXFrameworksBuildPhase section */
		2B7CF61E24A51188000AFD77 /* Frameworks */ = {
			isa = PBXFrameworksBuildPhase;
			buildActionMask = 2147483647;
			files = (
			);
			runOnlyForDeploymentPostprocessing = 0;
		};
/* End PBXFrameworksBuildPhase section */

/* Begin PBXGroup section */
		2B6BC12924AE4BC400ED4125 /* CloudMersive */ = {
			isa = PBXGroup;
			children = (
				2B6BC17124B4699E00ED4125 /* CloudMersiveClient.swift */,
				2B8184EA24A52A4D006AC1ED /* CloudMersiveResponse.swift */,
			);
			path = CloudMersive;
			sourceTree = "<group>";
		};
		2B7CF61824A51188000AFD77 = {
			isa = PBXGroup;
			children = (
				2B7CF62324A51188000AFD77 /* NetworkLayer */,
				2B7CF62224A51188000AFD77 /* Products */,
			);
			sourceTree = "<group>";
		};
		2B7CF62224A51188000AFD77 /* Products */ = {
			isa = PBXGroup;
			children = (
				2B7CF62124A51188000AFD77 /* NetworkLayer.app */,
			);
			name = Products;
			sourceTree = "<group>";
		};
		2B7CF62324A51188000AFD77 /* NetworkLayer */ = {
			isa = PBXGroup;
			children = (
				2B7CF63224A5118B000AFD77 /* Info.plist */,
				2B7CF63824A511A5000AFD77 /* Application */,
				2B7CF63A24A511C5000AFD77 /* ViewController */,
				2B89A57124C731A2000BE9D3 /* GoogleTranslation */,
				2B6BC12924AE4BC400ED4125 /* CloudMersive */,
				2B7CF63B24A511EA000AFD77 /* Networking */,
				2B7CF62D24A5118B000AFD77 /* Assets.xcassets */,
			);
			path = NetworkLayer;
			sourceTree = "<group>";
		};
		2B7CF63824A511A5000AFD77 /* Application */ = {
			isa = PBXGroup;
			children = (
				2B7CF62424A51188000AFD77 /* AppDelegate.swift */,
				2B7CF62624A51188000AFD77 /* SceneDelegate.swift */,
				2B7CF62A24A51188000AFD77 /* Main.storyboard */,
				2B7CF62F24A5118B000AFD77 /* LaunchScreen.storyboard */,
			);
			path = Application;
			sourceTree = "<group>";
		};
		2B7CF63A24A511C5000AFD77 /* ViewController */ = {
			isa = PBXGroup;
			children = (
				2B7CF62824A51188000AFD77 /* ViewController.swift */,
			);
			path = ViewController;
			sourceTree = "<group>";
		};
		2B7CF63B24A511EA000AFD77 /* Networking */ = {
			isa = PBXGroup;
			children = (
				2B7CF63F24A51214000AFD77 /* Client */,
				2B7CF63E24A5120E000AFD77 /* Service */,
				2B7CF63D24A51205000AFD77 /* Encoding */,
			);
			path = Networking;
			sourceTree = "<group>";
		};
		2B7CF63D24A51205000AFD77 /* Encoding */ = {
			isa = PBXGroup;
			children = (
				2B7CF64724A51433000AFD77 /* EncodingServices.swift */,
				2B7CF64924A514EA000AFD77 /* URLParameterEncoder.swift */,
				2B7CF64B24A51732000AFD77 /* JSONParameterEncoder.swift */,
				2BD8D34E24C81D260099C575 /* FormDataParameterEncoder.swift */,
				2BD8D35024C827E10099C575 /* NSMutableData.swift */,
			);
			path = Encoding;
			sourceTree = "<group>";
		};
		2B7CF63E24A5120E000AFD77 /* Service */ = {
			isa = PBXGroup;
			children = (
				2B7CF64324A51303000AFD77 /* HTTPMethod.swift */,
				2B7CF64524A5137F000AFD77 /* HTTPTask.swift */,
				2B7CF65124A521F6000AFD77 /* Request.swift */,
				2B6BC16F24B45EA200ED4125 /* ClientSettings.swift */,
				2B6BC16B24B36EF400ED4125 /* Response.swift */,
				2B6BC16D24B36F5500ED4125 /* NetworkManager.swift */,
				2BD8D34C24C75F9B0099C575 /* HTTPBodyContentType.swift */,
			);
			path = Service;
			sourceTree = "<group>";
		};
		2B7CF63F24A51214000AFD77 /* Client */ = {
			isa = PBXGroup;
			children = (
				2B7CF65324A52532000AFD77 /* ApiClient.swift */,
			);
			path = Client;
			sourceTree = "<group>";
		};
		2B89A57124C731A2000BE9D3 /* GoogleTranslation */ = {
			isa = PBXGroup;
			children = (
				2B89A57324C731C3000BE9D3 /* TranslationClient.swift */,
				2B89A57224C731C3000BE9D3 /* TranslationResponse.swift */,
			);
			path = GoogleTranslation;
			sourceTree = "<group>";
		};
/* End PBXGroup section */

/* Begin PBXNativeTarget section */
		2B7CF62024A51188000AFD77 /* NetworkLayer */ = {
			isa = PBXNativeTarget;
			buildConfigurationList = 2B7CF63524A5118B000AFD77 /* Build configuration list for PBXNativeTarget "NetworkLayer" */;
			buildPhases = (
				2B7CF61D24A51188000AFD77 /* Sources */,
				2B7CF61E24A51188000AFD77 /* Frameworks */,
				2B7CF61F24A51188000AFD77 /* Resources */,
			);
			buildRules = (
			);
			dependencies = (
			);
			name = NetworkLayer;
			productName = NetworkLayer;
			productReference = 2B7CF62124A51188000AFD77 /* NetworkLayer.app */;
			productType = "com.apple.product-type.application";
		};
/* End PBXNativeTarget section */

/* Begin PBXProject section */
		2B7CF61924A51188000AFD77 /* Project object */ = {
			isa = PBXProject;
			attributes = {
				LastSwiftUpdateCheck = 1150;
				LastUpgradeCheck = 1150;
				ORGANIZATIONNAME = "Gleb Uvarkin";
				TargetAttributes = {
					2B7CF62024A51188000AFD77 = {
						CreatedOnToolsVersion = 11.5;
					};
				};
			};
			buildConfigurationList = 2B7CF61C24A51188000AFD77 /* Build configuration list for PBXProject "NetworkLayer" */;
			compatibilityVersion = "Xcode 9.3";
			developmentRegion = en;
			hasScannedForEncodings = 0;
			knownRegions = (
				en,
				Base,
			);
			mainGroup = 2B7CF61824A51188000AFD77;
			productRefGroup = 2B7CF62224A51188000AFD77 /* Products */;
			projectDirPath = "";
			projectRoot = "";
			targets = (
				2B7CF62024A51188000AFD77 /* NetworkLayer */,
			);
		};
/* End PBXProject section */

/* Begin PBXResourcesBuildPhase section */
		2B7CF61F24A51188000AFD77 /* Resources */ = {
			isa = PBXResourcesBuildPhase;
			buildActionMask = 2147483647;
			files = (
				2B7CF63124A5118B000AFD77 /* LaunchScreen.storyboard in Resources */,
				2B7CF62E24A5118B000AFD77 /* Assets.xcassets in Resources */,
				2B7CF62C24A51188000AFD77 /* Main.storyboard in Resources */,
			);
			runOnlyForDeploymentPostprocessing = 0;
		};
/* End PBXResourcesBuildPhase section */

/* Begin PBXSourcesBuildPhase section */
		2B7CF61D24A51188000AFD77 /* Sources */ = {
			isa = PBXSourcesBuildPhase;
			buildActionMask = 2147483647;
			files = (
				2B7CF64A24A514EA000AFD77 /* URLParameterEncoder.swift in Sources */,
				2B8184EB24A52A4D006AC1ED /* CloudMersiveResponse.swift in Sources */,
				2B89A57424C731C3000BE9D3 /* TranslationResponse.swift in Sources */,
				2B7CF64824A51433000AFD77 /* EncodingServices.swift in Sources */,
				2BD8D34F24C81D260099C575 /* FormDataParameterEncoder.swift in Sources */,
				2B7CF65424A52532000AFD77 /* ApiClient.swift in Sources */,
				2BD8D34D24C75F9B0099C575 /* HTTPBodyContentType.swift in Sources */,
				2BD8D35124C827E10099C575 /* NSMutableData.swift in Sources */,
				2B7CF64624A5137F000AFD77 /* HTTPTask.swift in Sources */,
				2B6BC17024B45EA200ED4125 /* ClientSettings.swift in Sources */,
				2B6BC16C24B36EF400ED4125 /* Response.swift in Sources */,
				2B7CF62924A51188000AFD77 /* ViewController.swift in Sources */,
				2B7CF64C24A51732000AFD77 /* JSONParameterEncoder.swift in Sources */,
				2B7CF65224A521F6000AFD77 /* Request.swift in Sources */,
				2B6BC16E24B36F5500ED4125 /* NetworkManager.swift in Sources */,
				2B6BC17224B4699E00ED4125 /* CloudMersiveClient.swift in Sources */,
				2B7CF62524A51188000AFD77 /* AppDelegate.swift in Sources */,
				2B7CF64424A51303000AFD77 /* HTTPMethod.swift in Sources */,
				2B89A57524C731C3000BE9D3 /* TranslationClient.swift in Sources */,
				2B7CF62724A51188000AFD77 /* SceneDelegate.swift in Sources */,
			);
			runOnlyForDeploymentPostprocessing = 0;
		};
/* End PBXSourcesBuildPhase section */

/* Begin PBXVariantGroup section */
		2B7CF62A24A51188000AFD77 /* Main.storyboard */ = {
			isa = PBXVariantGroup;
			children = (
				2B7CF62B24A51188000AFD77 /* Base */,
			);
			name = Main.storyboard;
			sourceTree = "<group>";
		};
		2B7CF62F24A5118B000AFD77 /* LaunchScreen.storyboard */ = {
			isa = PBXVariantGroup;
			children = (
				2B7CF63024A5118B000AFD77 /* Base */,
			);
			name = LaunchScreen.storyboard;
			sourceTree = "<group>";
		};
/* End PBXVariantGroup section */

/* Begin XCBuildConfiguration section */
		2B7CF63324A5118B000AFD77 /* Debug */ = {
			isa = XCBuildConfiguration;
			buildSettings = {
				ALWAYS_SEARCH_USER_PATHS = NO;
				CLANG_ANALYZER_NONNULL = YES;
				CLANG_ANALYZER_NUMBER_OBJECT_CONVERSION = YES_AGGRESSIVE;
				CLANG_CXX_LANGUAGE_STANDARD = "gnu++14";
				CLANG_CXX_LIBRARY = "libc++";
				CLANG_ENABLE_MODULES = YES;
				CLANG_ENABLE_OBJC_ARC = YES;
				CLANG_ENABLE_OBJC_WEAK = YES;
				CLANG_WARN_BLOCK_CAPTURE_AUTORELEASING = YES;
				CLANG_WARN_BOOL_CONVERSION = YES;
				CLANG_WARN_COMMA = YES;
				CLANG_WARN_CONSTANT_CONVERSION = YES;
				CLANG_WARN_DEPRECATED_OBJC_IMPLEMENTATIONS = YES;
				CLANG_WARN_DIRECT_OBJC_ISA_USAGE = YES_ERROR;
				CLANG_WARN_DOCUMENTATION_COMMENTS = YES;
				CLANG_WARN_EMPTY_BODY = YES;
				CLANG_WARN_ENUM_CONVERSION = YES;
				CLANG_WARN_INFINITE_RECURSION = YES;
				CLANG_WARN_INT_CONVERSION = YES;
				CLANG_WARN_NON_LITERAL_NULL_CONVERSION = YES;
				CLANG_WARN_OBJC_IMPLICIT_RETAIN_SELF = YES;
				CLANG_WARN_OBJC_LITERAL_CONVERSION = YES;
				CLANG_WARN_OBJC_ROOT_CLASS = YES_ERROR;
				CLANG_WARN_RANGE_LOOP_ANALYSIS = YES;
				CLANG_WARN_STRICT_PROTOTYPES = YES;
				CLANG_WARN_SUSPICIOUS_MOVE = YES;
				CLANG_WARN_UNGUARDED_AVAILABILITY = YES_AGGRESSIVE;
				CLANG_WARN_UNREACHABLE_CODE = YES;
				CLANG_WARN__DUPLICATE_METHOD_MATCH = YES;
				COPY_PHASE_STRIP = NO;
				DEBUG_INFORMATION_FORMAT = dwarf;
				ENABLE_STRICT_OBJC_MSGSEND = YES;
				ENABLE_TESTABILITY = YES;
				GCC_C_LANGUAGE_STANDARD = gnu11;
				GCC_DYNAMIC_NO_PIC = NO;
				GCC_NO_COMMON_BLOCKS = YES;
				GCC_OPTIMIZATION_LEVEL = 0;
				GCC_PREPROCESSOR_DEFINITIONS = (
					"DEBUG=1",
					"$(inherited)",
				);
				GCC_WARN_64_TO_32_BIT_CONVERSION = YES;
				GCC_WARN_ABOUT_RETURN_TYPE = YES_ERROR;
				GCC_WARN_UNDECLARED_SELECTOR = YES;
				GCC_WARN_UNINITIALIZED_AUTOS = YES_AGGRESSIVE;
				GCC_WARN_UNUSED_FUNCTION = YES;
				GCC_WARN_UNUSED_VARIABLE = YES;
				IPHONEOS_DEPLOYMENT_TARGET = 13.5;
				MTL_ENABLE_DEBUG_INFO = INCLUDE_SOURCE;
				MTL_FAST_MATH = YES;
				ONLY_ACTIVE_ARCH = YES;
				SDKROOT = iphoneos;
				SWIFT_ACTIVE_COMPILATION_CONDITIONS = DEBUG;
				SWIFT_OPTIMIZATION_LEVEL = "-Onone";
			};
			name = Debug;
		};
		2B7CF63424A5118B000AFD77 /* Release */ = {
			isa = XCBuildConfiguration;
			buildSettings = {
				ALWAYS_SEARCH_USER_PATHS = NO;
				CLANG_ANALYZER_NONNULL = YES;
				CLANG_ANALYZER_NUMBER_OBJECT_CONVERSION = YES_AGGRESSIVE;
				CLANG_CXX_LANGUAGE_STANDARD = "gnu++14";
				CLANG_CXX_LIBRARY = "libc++";
				CLANG_ENABLE_MODULES = YES;
				CLANG_ENABLE_OBJC_ARC = YES;
				CLANG_ENABLE_OBJC_WEAK = YES;
				CLANG_WARN_BLOCK_CAPTURE_AUTORELEASING = YES;
				CLANG_WARN_BOOL_CONVERSION = YES;
				CLANG_WARN_COMMA = YES;
				CLANG_WARN_CONSTANT_CONVERSION = YES;
				CLANG_WARN_DEPRECATED_OBJC_IMPLEMENTATIONS = YES;
				CLANG_WARN_DIRECT_OBJC_ISA_USAGE = YES_ERROR;
				CLANG_WARN_DOCUMENTATION_COMMENTS = YES;
				CLANG_WARN_EMPTY_BODY = YES;
				CLANG_WARN_ENUM_CONVERSION = YES;
				CLANG_WARN_INFINITE_RECURSION = YES;
				CLANG_WARN_INT_CONVERSION = YES;
				CLANG_WARN_NON_LITERAL_NULL_CONVERSION = YES;
				CLANG_WARN_OBJC_IMPLICIT_RETAIN_SELF = YES;
				CLANG_WARN_OBJC_LITERAL_CONVERSION = YES;
				CLANG_WARN_OBJC_ROOT_CLASS = YES_ERROR;
				CLANG_WARN_RANGE_LOOP_ANALYSIS = YES;
				CLANG_WARN_STRICT_PROTOTYPES = YES;
				CLANG_WARN_SUSPICIOUS_MOVE = YES;
				CLANG_WARN_UNGUARDED_AVAILABILITY = YES_AGGRESSIVE;
				CLANG_WARN_UNREACHABLE_CODE = YES;
				CLANG_WARN__DUPLICATE_METHOD_MATCH = YES;
				COPY_PHASE_STRIP = NO;
				DEBUG_INFORMATION_FORMAT = "dwarf-with-dsym";
				ENABLE_NS_ASSERTIONS = NO;
				ENABLE_STRICT_OBJC_MSGSEND = YES;
				GCC_C_LANGUAGE_STANDARD = gnu11;
				GCC_NO_COMMON_BLOCKS = YES;
				GCC_WARN_64_TO_32_BIT_CONVERSION = YES;
				GCC_WARN_ABOUT_RETURN_TYPE = YES_ERROR;
				GCC_WARN_UNDECLARED_SELECTOR = YES;
				GCC_WARN_UNINITIALIZED_AUTOS = YES_AGGRESSIVE;
				GCC_WARN_UNUSED_FUNCTION = YES;
				GCC_WARN_UNUSED_VARIABLE = YES;
				IPHONEOS_DEPLOYMENT_TARGET = 13.5;
				MTL_ENABLE_DEBUG_INFO = NO;
				MTL_FAST_MATH = YES;
				SDKROOT = iphoneos;
				SWIFT_COMPILATION_MODE = wholemodule;
				SWIFT_OPTIMIZATION_LEVEL = "-O";
				VALIDATE_PRODUCT = YES;
			};
			name = Release;
		};
		2B7CF63624A5118B000AFD77 /* Debug */ = {
			isa = XCBuildConfiguration;
			buildSettings = {
				ASSETCATALOG_COMPILER_APPICON_NAME = AppIcon;
				CODE_SIGN_STYLE = Automatic;
				DEVELOPMENT_TEAM = 7YVHA5MAY4;
				INFOPLIST_FILE = NetworkLayer/Info.plist;
				LD_RUNPATH_SEARCH_PATHS = (
					"$(inherited)",
					"@executable_path/Frameworks",
				);
				PRODUCT_BUNDLE_IDENTIFIER = "vtb-lanit.NetworkLayer";
				PRODUCT_NAME = "$(TARGET_NAME)";
				SWIFT_VERSION = 5.0;
				TARGETED_DEVICE_FAMILY = "1,2";
			};
			name = Debug;
		};
		2B7CF63724A5118B000AFD77 /* Release */ = {
			isa = XCBuildConfiguration;
			buildSettings = {
				ASSETCATALOG_COMPILER_APPICON_NAME = AppIcon;
				CODE_SIGN_STYLE = Automatic;
				DEVELOPMENT_TEAM = 7YVHA5MAY4;
				INFOPLIST_FILE = NetworkLayer/Info.plist;
				LD_RUNPATH_SEARCH_PATHS = (
					"$(inherited)",
					"@executable_path/Frameworks",
				);
				PRODUCT_BUNDLE_IDENTIFIER = "vtb-lanit.NetworkLayer";
				PRODUCT_NAME = "$(TARGET_NAME)";
				SWIFT_VERSION = 5.0;
				TARGETED_DEVICE_FAMILY = "1,2";
			};
			name = Release;
		};
/* End XCBuildConfiguration section */

/* Begin XCConfigurationList section */
		2B7CF61C24A51188000AFD77 /* Build configuration list for PBXProject "NetworkLayer" */ = {
			isa = XCConfigurationList;
			buildConfigurations = (
				2B7CF63324A5118B000AFD77 /* Debug */,
				2B7CF63424A5118B000AFD77 /* Release */,
			);
			defaultConfigurationIsVisible = 0;
			defaultConfigurationName = Release;
		};
		2B7CF63524A5118B000AFD77 /* Build configuration list for PBXNativeTarget "NetworkLayer" */ = {
			isa = XCConfigurationList;
			buildConfigurations = (
				2B7CF63624A5118B000AFD77 /* Debug */,
				2B7CF63724A5118B000AFD77 /* Release */,
			);
			defaultConfigurationIsVisible = 0;
			defaultConfigurationName = Release;
		};
/* End XCConfigurationList section */
	};
	rootObject = 2B7CF61924A51188000AFD77 /* Project object */;
}
